// !$*UTF8*$!
{
	archiveVersion = 1;
	classes = {
	};
	objectVersion = 51;
	objects = {

/* Begin PBXBuildFile section */
		1F01252D2620632100BC249E /* CurrentWeatherCellV2.swift in Sources */ = {isa = PBXBuildFile; fileRef = 1F01252C2620632100BC249E /* CurrentWeatherCellV2.swift */; };
		1F229C18261EF39700265906 /* ExtendedWeatherController.swift in Sources */ = {isa = PBXBuildFile; fileRef = 1F229C17261EF39700265906 /* ExtendedWeatherController.swift */; };
		1F584424261CEE24000768B2 /* ExtendedWeatherResponse.swift in Sources */ = {isa = PBXBuildFile; fileRef = 1F584423261CEE24000768B2 /* ExtendedWeatherResponse.swift */; };
		1F70F73226384984002F2665 /* CurrentWeatherViewCellV3.swift in Sources */ = {isa = PBXBuildFile; fileRef = 1F70F73126384984002F2665 /* CurrentWeatherViewCellV3.swift */; };
		1F997916261E2805006C9F13 /* WeatherDetailsPresenterTests.swift in Sources */ = {isa = PBXBuildFile; fileRef = 1F997915261E2805006C9F13 /* WeatherDetailsPresenterTests.swift */; };
		1F99791D261E2A62006C9F13 /* WeatherDetailsPresenter.swift in Sources */ = {isa = PBXBuildFile; fileRef = 1F99791C261E2A62006C9F13 /* WeatherDetailsPresenter.swift */; };
		1F997923261E4FAD006C9F13 /* MocksWeatherDetailsViewDelegate.swift in Sources */ = {isa = PBXBuildFile; fileRef = 1F997922261E4FAD006C9F13 /* MocksWeatherDetailsViewDelegate.swift */; };
		1F99792A261E500C006C9F13 /* WeatherDetailsViewDelegateProtocol.swift in Sources */ = {isa = PBXBuildFile; fileRef = 1F997929261E500C006C9F13 /* WeatherDetailsViewDelegateProtocol.swift */; };
		1FCA4EE0261F7B9F00C55CCD /* ExtendedWeatherCell.swift in Sources */ = {isa = PBXBuildFile; fileRef = 1FCA4EDF261F7B9F00C55CCD /* ExtendedWeatherCell.swift */; };
		1FE1C165261B08CB00850090 /* AppDelegate.swift in Sources */ = {isa = PBXBuildFile; fileRef = 1FE1C164261B08CB00850090 /* AppDelegate.swift */; };
		1FE1C167261B08CB00850090 /* SceneDelegate.swift in Sources */ = {isa = PBXBuildFile; fileRef = 1FE1C166261B08CB00850090 /* SceneDelegate.swift */; };
		1FE1C16F261B08CB00850090 /* Weather_Service.xcdatamodeld in Sources */ = {isa = PBXBuildFile; fileRef = 1FE1C16D261B08CB00850090 /* Weather_Service.xcdatamodeld */; };
		1FE1C171261B08D100850090 /* Assets.xcassets in Resources */ = {isa = PBXBuildFile; fileRef = 1FE1C170261B08D100850090 /* Assets.xcassets */; };
		1FE1C174261B08D100850090 /* LaunchScreen.storyboard in Resources */ = {isa = PBXBuildFile; fileRef = 1FE1C172261B08D100850090 /* LaunchScreen.storyboard */; };
		1FE1C17E261B1B0800850090 /* Avenir Next.ttc in Resources */ = {isa = PBXBuildFile; fileRef = 1FE1C17D261B1B0700850090 /* Avenir Next.ttc */; };
		1FE1C1AE261B24A400850090 /* CurrentWeatherController.swift in Sources */ = {isa = PBXBuildFile; fileRef = 1FE1C1AD261B24A400850090 /* CurrentWeatherController.swift */; };
		1FE1C1B6261B26CD00850090 /* MainControllerTests.swift in Sources */ = {isa = PBXBuildFile; fileRef = 1FE1C1B5261B26CD00850090 /* MainControllerTests.swift */; };
		1FE1C1BE261B271700850090 /* MockCitySelectionManager.swift in Sources */ = {isa = PBXBuildFile; fileRef = 1FE1C1B9261B271700850090 /* MockCitySelectionManager.swift */; };
		1FE1C1BF261B271700850090 /* MockCurrentWeatherViewDelegate.swift in Sources */ = {isa = PBXBuildFile; fileRef = 1FE1C1BA261B271700850090 /* MockCurrentWeatherViewDelegate.swift */; };
		1FE1C1C0261B271700850090 /* MockCurrentWeatherWebService.swift in Sources */ = {isa = PBXBuildFile; fileRef = 1FE1C1BB261B271700850090 /* MockCurrentWeatherWebService.swift */; };
		1FE1C1C1261B271700850090 /* MockUrlProtocol.swift in Sources */ = {isa = PBXBuildFile; fileRef = 1FE1C1BC261B271700850090 /* MockUrlProtocol.swift */; };
		1FE1C1C2261B271700850090 /* MockCurrentWeatherPresenter.swift in Sources */ = {isa = PBXBuildFile; fileRef = 1FE1C1BD261B271700850090 /* MockCurrentWeatherPresenter.swift */; };
		1FE1C1C9261B273C00850090 /* CurrentWeatherPresenterExtensin.swift in Sources */ = {isa = PBXBuildFile; fileRef = 1FE1C1C7261B273C00850090 /* CurrentWeatherPresenterExtensin.swift */; };
		1FE1C1CA261B273C00850090 /* CurrentWeatherPresenterTests.swift in Sources */ = {isa = PBXBuildFile; fileRef = 1FE1C1C8261B273C00850090 /* CurrentWeatherPresenterTests.swift */; };
		1FE1C1D0261B275300850090 /* CurrentWeatherWebServiceTests.swift in Sources */ = {isa = PBXBuildFile; fileRef = 1FE1C1CF261B275300850090 /* CurrentWeatherWebServiceTests.swift */; };
		1FE1C1D7261B276E00850090 /* CitySelectionManagerTests.swift in Sources */ = {isa = PBXBuildFile; fileRef = 1FE1C1D5261B276E00850090 /* CitySelectionManagerTests.swift */; };
		1FE1C1D8261B276E00850090 /* ExtensionSelectionCityManagerTests.swift in Sources */ = {isa = PBXBuildFile; fileRef = 1FE1C1D6261B276E00850090 /* ExtensionSelectionCityManagerTests.swift */; };
		1FE1C1DE261B27B200850090 /* CurrentWeatherPresenter.swift in Sources */ = {isa = PBXBuildFile; fileRef = 1FE1C1DD261B27B200850090 /* CurrentWeatherPresenter.swift */; };
		1FE1C1E5261B27DE00850090 /* CitySelectionManagerProtocol.swift in Sources */ = {isa = PBXBuildFile; fileRef = 1FE1C1E1261B27DD00850090 /* CitySelectionManagerProtocol.swift */; };
		1FE1C1E6261B27DE00850090 /* CurrentWeatherPresenterProtocol.swift in Sources */ = {isa = PBXBuildFile; fileRef = 1FE1C1E2261B27DD00850090 /* CurrentWeatherPresenterProtocol.swift */; };
		1FE1C1E7261B27DE00850090 /* WeatherWebServiceProtocol.swift in Sources */ = {isa = PBXBuildFile; fileRef = 1FE1C1E3261B27DE00850090 /* WeatherWebServiceProtocol.swift */; };
		1FE1C1E8261B27DE00850090 /* CurrentWeatherViewDelegateProtocol.swift in Sources */ = {isa = PBXBuildFile; fileRef = 1FE1C1E4261B27DE00850090 /* CurrentWeatherViewDelegateProtocol.swift */; };
		1FE1C1ED261B280500850090 /* CurrentWeatherResponse.swift in Sources */ = {isa = PBXBuildFile; fileRef = 1FE1C1EB261B280500850090 /* CurrentWeatherResponse.swift */; };
		1FE1C1EE261B280500850090 /* CurrentWeatherError.swift in Sources */ = {isa = PBXBuildFile; fileRef = 1FE1C1EC261B280500850090 /* CurrentWeatherError.swift */; };
		1FE1C1F2261B281F00850090 /* WeatherWebService.swift in Sources */ = {isa = PBXBuildFile; fileRef = 1FE1C1F1261B281F00850090 /* WeatherWebService.swift */; };
		1FE1C1F6261B283D00850090 /* CitySelectionManager.swift in Sources */ = {isa = PBXBuildFile; fileRef = 1FE1C1F5261B283D00850090 /* CitySelectionManager.swift */; };
		1FE1C1FC261B2FFF00850090 /* CurrrentWeatherCell.swift in Sources */ = {isa = PBXBuildFile; fileRef = 1FE1C1FB261B2FFF00850090 /* CurrrentWeatherCell.swift */; };
		1FE1C201261B314400850090 /* Extensions.swift in Sources */ = {isa = PBXBuildFile; fileRef = 1FE1C200261B314400850090 /* Extensions.swift */; };
		1FE1C207261B4D7D00850090 /* city.list.json in Resources */ = {isa = PBXBuildFile; fileRef = 1FE1C206261B4D7C00850090 /* city.list.json */; };
		1FE1C20B261B4E2200850090 /* ImportingModel.swift in Sources */ = {isa = PBXBuildFile; fileRef = 1FE1C20A261B4E2200850090 /* ImportingModel.swift */; };
		1FE1C210261B5FF300850090 /* SelectCityViewPresenter.swift in Sources */ = {isa = PBXBuildFile; fileRef = 1FE1C20E261B5FF300850090 /* SelectCityViewPresenter.swift */; };
		1FE1C211261B5FF300850090 /* SelectCityPresenter.swift in Sources */ = {isa = PBXBuildFile; fileRef = 1FE1C20F261B5FF300850090 /* SelectCityPresenter.swift */; };
		1FE1C215261B601C00850090 /* SelectionCityStorage.swift in Sources */ = {isa = PBXBuildFile; fileRef = 1FE1C214261B601C00850090 /* SelectionCityStorage.swift */; };
		1FE1C219261B603100850090 /* SelectCityController.swift in Sources */ = {isa = PBXBuildFile; fileRef = 1FE1C218261B603100850090 /* SelectCityController.swift */; };
		1FE1C21E261B604700850090 /* SelectCityViewDelegateProtocol.swift in Sources */ = {isa = PBXBuildFile; fileRef = 1FE1C21C261B604700850090 /* SelectCityViewDelegateProtocol.swift */; };
		1FE1C21F261B604700850090 /* SelectionCityStorageProtocol.swift in Sources */ = {isa = PBXBuildFile; fileRef = 1FE1C21D261B604700850090 /* SelectionCityStorageProtocol.swift */; };
		1FE1C224261B607E00850090 /* ExtensionSelectionCityStorage.swift in Sources */ = {isa = PBXBuildFile; fileRef = 1FE1C222261B607E00850090 /* ExtensionSelectionCityStorage.swift */; };
		1FE1C225261B607E00850090 /* SelectionCityStorageTests.swift in Sources */ = {isa = PBXBuildFile; fileRef = 1FE1C223261B607E00850090 /* SelectionCityStorageTests.swift */; };
		1FE1C22A261B609400850090 /* ExtensionSelectCityPresenterTests.swift in Sources */ = {isa = PBXBuildFile; fileRef = 1FE1C228261B609400850090 /* ExtensionSelectCityPresenterTests.swift */; };
		1FE1C22B261B609400850090 /* SelectCityPresenterTests.swift in Sources */ = {isa = PBXBuildFile; fileRef = 1FE1C229261B609400850090 /* SelectCityPresenterTests.swift */; };
		1FE1C232261B60B700850090 /* MockSelectionCityStorage.swift in Sources */ = {isa = PBXBuildFile; fileRef = 1FE1C230261B60B700850090 /* MockSelectionCityStorage.swift */; };
		1FE1C233261B60B700850090 /* MockSelectCityViewDelegate.swift in Sources */ = {isa = PBXBuildFile; fileRef = 1FE1C231261B60B700850090 /* MockSelectCityViewDelegate.swift */; };
		1FE1C237261B60CE00850090 /* SelectCityControllerTests.swift in Sources */ = {isa = PBXBuildFile; fileRef = 1FE1C236261B60CE00850090 /* SelectCityControllerTests.swift */; };
		1FE1C242261B8A3200850090 /* CurrentWeatherCellPresenter.swift in Sources */ = {isa = PBXBuildFile; fileRef = 1FE1C241261B8A3200850090 /* CurrentWeatherCellPresenter.swift */; };
		1FE1C246261BA4AC00850090 /* ShimmeringEffect.swift in Sources */ = {isa = PBXBuildFile; fileRef = 1FE1C245261BA4AC00850090 /* ShimmeringEffect.swift */; };
		1FE1C24E261CA33900850090 /* Utilities.swift in Sources */ = {isa = PBXBuildFile; fileRef = 1FE1C24D261CA33800850090 /* Utilities.swift */; };
		BB19AC170A9CB6D93A2ABCF5 /* Pods_Weather_Service.framework in Frameworks */ = {isa = PBXBuildFile; fileRef = 0C7E751F9125AD2299E15FF8 /* Pods_Weather_Service.framework */; };
/* End PBXBuildFile section */

/* Begin PBXContainerItemProxy section */
		1FE1C18A261B215500850090 /* PBXContainerItemProxy */ = {
			isa = PBXContainerItemProxy;
			containerPortal = 1FE1C159261B08CB00850090 /* Project object */;
			proxyType = 1;
			remoteGlobalIDString = 1FE1C160261B08CB00850090;
			remoteInfo = "Weather Service";
		};
/* End PBXContainerItemProxy section */

/* Begin PBXFileReference section */
		07FB523617FE102F97F1A3EC /* Pods-Weather Service.debug.xcconfig */ = {isa = PBXFileReference; includeInIndex = 1; lastKnownFileType = text.xcconfig; name = "Pods-Weather Service.debug.xcconfig"; path = "Target Support Files/Pods-Weather Service/Pods-Weather Service.debug.xcconfig"; sourceTree = "<group>"; };
		0C7E751F9125AD2299E15FF8 /* Pods_Weather_Service.framework */ = {isa = PBXFileReference; explicitFileType = wrapper.framework; includeInIndex = 0; path = Pods_Weather_Service.framework; sourceTree = BUILT_PRODUCTS_DIR; };
		1F01252C2620632100BC249E /* CurrentWeatherCellV2.swift */ = {isa = PBXFileReference; lastKnownFileType = sourcecode.swift; path = CurrentWeatherCellV2.swift; sourceTree = "<group>"; };
		1F229C17261EF39700265906 /* ExtendedWeatherController.swift */ = {isa = PBXFileReference; lastKnownFileType = sourcecode.swift; path = ExtendedWeatherController.swift; sourceTree = "<group>"; };
		1F584423261CEE24000768B2 /* ExtendedWeatherResponse.swift */ = {isa = PBXFileReference; lastKnownFileType = sourcecode.swift; path = ExtendedWeatherResponse.swift; sourceTree = "<group>"; };
		1F70F73126384984002F2665 /* CurrentWeatherViewCellV3.swift */ = {isa = PBXFileReference; lastKnownFileType = sourcecode.swift; path = CurrentWeatherViewCellV3.swift; sourceTree = "<group>"; };
		1F997915261E2805006C9F13 /* WeatherDetailsPresenterTests.swift */ = {isa = PBXFileReference; lastKnownFileType = sourcecode.swift; path = WeatherDetailsPresenterTests.swift; sourceTree = "<group>"; };
		1F99791C261E2A62006C9F13 /* WeatherDetailsPresenter.swift */ = {isa = PBXFileReference; lastKnownFileType = sourcecode.swift; path = WeatherDetailsPresenter.swift; sourceTree = "<group>"; };
		1F997922261E4FAD006C9F13 /* MocksWeatherDetailsViewDelegate.swift */ = {isa = PBXFileReference; lastKnownFileType = sourcecode.swift; path = MocksWeatherDetailsViewDelegate.swift; sourceTree = "<group>"; };
		1F997929261E500C006C9F13 /* WeatherDetailsViewDelegateProtocol.swift */ = {isa = PBXFileReference; lastKnownFileType = sourcecode.swift; path = WeatherDetailsViewDelegateProtocol.swift; sourceTree = "<group>"; };
		1FCA4EDF261F7B9F00C55CCD /* ExtendedWeatherCell.swift */ = {isa = PBXFileReference; lastKnownFileType = sourcecode.swift; path = ExtendedWeatherCell.swift; sourceTree = "<group>"; };
		1FE1C161261B08CB00850090 /* Weather Service.app */ = {isa = PBXFileReference; explicitFileType = wrapper.application; includeInIndex = 0; path = "Weather Service.app"; sourceTree = BUILT_PRODUCTS_DIR; };
		1FE1C164261B08CB00850090 /* AppDelegate.swift */ = {isa = PBXFileReference; lastKnownFileType = sourcecode.swift; path = AppDelegate.swift; sourceTree = "<group>"; };
		1FE1C166261B08CB00850090 /* SceneDelegate.swift */ = {isa = PBXFileReference; lastKnownFileType = sourcecode.swift; path = SceneDelegate.swift; sourceTree = "<group>"; };
		1FE1C16E261B08CB00850090 /* Weather_Service.xcdatamodel */ = {isa = PBXFileReference; lastKnownFileType = wrapper.xcdatamodel; path = Weather_Service.xcdatamodel; sourceTree = "<group>"; };
		1FE1C170261B08D100850090 /* Assets.xcassets */ = {isa = PBXFileReference; lastKnownFileType = folder.assetcatalog; path = Assets.xcassets; sourceTree = "<group>"; };
		1FE1C173261B08D100850090 /* Base */ = {isa = PBXFileReference; lastKnownFileType = file.storyboard; name = Base; path = Base.lproj/LaunchScreen.storyboard; sourceTree = "<group>"; };
		1FE1C175261B08D100850090 /* Info.plist */ = {isa = PBXFileReference; lastKnownFileType = text.plist.xml; path = Info.plist; sourceTree = "<group>"; };
		1FE1C17D261B1B0700850090 /* Avenir Next.ttc */ = {isa = PBXFileReference; lastKnownFileType = file; path = "Avenir Next.ttc"; sourceTree = "<group>"; };
		1FE1C185261B215500850090 /* Weather ServiceTests.xctest */ = {isa = PBXFileReference; explicitFileType = wrapper.cfbundle; includeInIndex = 0; path = "Weather ServiceTests.xctest"; sourceTree = BUILT_PRODUCTS_DIR; };
		1FE1C189261B215500850090 /* Info.plist */ = {isa = PBXFileReference; lastKnownFileType = text.plist.xml; path = Info.plist; sourceTree = "<group>"; };
		1FE1C1AD261B24A400850090 /* CurrentWeatherController.swift */ = {isa = PBXFileReference; lastKnownFileType = sourcecode.swift; path = CurrentWeatherController.swift; sourceTree = "<group>"; };
		1FE1C1B5261B26CD00850090 /* MainControllerTests.swift */ = {isa = PBXFileReference; fileEncoding = 4; lastKnownFileType = sourcecode.swift; path = MainControllerTests.swift; sourceTree = "<group>"; };
		1FE1C1B9261B271700850090 /* MockCitySelectionManager.swift */ = {isa = PBXFileReference; fileEncoding = 4; lastKnownFileType = sourcecode.swift; path = MockCitySelectionManager.swift; sourceTree = "<group>"; };
		1FE1C1BA261B271700850090 /* MockCurrentWeatherViewDelegate.swift */ = {isa = PBXFileReference; fileEncoding = 4; lastKnownFileType = sourcecode.swift; path = MockCurrentWeatherViewDelegate.swift; sourceTree = "<group>"; };
		1FE1C1BB261B271700850090 /* MockCurrentWeatherWebService.swift */ = {isa = PBXFileReference; fileEncoding = 4; lastKnownFileType = sourcecode.swift; path = MockCurrentWeatherWebService.swift; sourceTree = "<group>"; };
		1FE1C1BC261B271700850090 /* MockUrlProtocol.swift */ = {isa = PBXFileReference; fileEncoding = 4; lastKnownFileType = sourcecode.swift; path = MockUrlProtocol.swift; sourceTree = "<group>"; };
		1FE1C1BD261B271700850090 /* MockCurrentWeatherPresenter.swift */ = {isa = PBXFileReference; fileEncoding = 4; lastKnownFileType = sourcecode.swift; path = MockCurrentWeatherPresenter.swift; sourceTree = "<group>"; };
		1FE1C1C7261B273C00850090 /* CurrentWeatherPresenterExtensin.swift */ = {isa = PBXFileReference; fileEncoding = 4; lastKnownFileType = sourcecode.swift; path = CurrentWeatherPresenterExtensin.swift; sourceTree = "<group>"; };
		1FE1C1C8261B273C00850090 /* CurrentWeatherPresenterTests.swift */ = {isa = PBXFileReference; fileEncoding = 4; lastKnownFileType = sourcecode.swift; path = CurrentWeatherPresenterTests.swift; sourceTree = "<group>"; };
		1FE1C1CF261B275300850090 /* CurrentWeatherWebServiceTests.swift */ = {isa = PBXFileReference; fileEncoding = 4; lastKnownFileType = sourcecode.swift; path = CurrentWeatherWebServiceTests.swift; sourceTree = "<group>"; };
		1FE1C1D5261B276E00850090 /* CitySelectionManagerTests.swift */ = {isa = PBXFileReference; fileEncoding = 4; lastKnownFileType = sourcecode.swift; path = CitySelectionManagerTests.swift; sourceTree = "<group>"; };
		1FE1C1D6261B276E00850090 /* ExtensionSelectionCityManagerTests.swift */ = {isa = PBXFileReference; fileEncoding = 4; lastKnownFileType = sourcecode.swift; path = ExtensionSelectionCityManagerTests.swift; sourceTree = "<group>"; };
		1FE1C1DD261B27B200850090 /* CurrentWeatherPresenter.swift */ = {isa = PBXFileReference; fileEncoding = 4; lastKnownFileType = sourcecode.swift; path = CurrentWeatherPresenter.swift; sourceTree = "<group>"; };
		1FE1C1E1261B27DD00850090 /* CitySelectionManagerProtocol.swift */ = {isa = PBXFileReference; fileEncoding = 4; lastKnownFileType = sourcecode.swift; path = CitySelectionManagerProtocol.swift; sourceTree = "<group>"; };
		1FE1C1E2261B27DD00850090 /* CurrentWeatherPresenterProtocol.swift */ = {isa = PBXFileReference; fileEncoding = 4; lastKnownFileType = sourcecode.swift; path = CurrentWeatherPresenterProtocol.swift; sourceTree = "<group>"; };
		1FE1C1E3261B27DE00850090 /* WeatherWebServiceProtocol.swift */ = {isa = PBXFileReference; fileEncoding = 4; lastKnownFileType = sourcecode.swift; path = WeatherWebServiceProtocol.swift; sourceTree = "<group>"; };
		1FE1C1E4261B27DE00850090 /* CurrentWeatherViewDelegateProtocol.swift */ = {isa = PBXFileReference; fileEncoding = 4; lastKnownFileType = sourcecode.swift; path = CurrentWeatherViewDelegateProtocol.swift; sourceTree = "<group>"; };
		1FE1C1EB261B280500850090 /* CurrentWeatherResponse.swift */ = {isa = PBXFileReference; fileEncoding = 4; lastKnownFileType = sourcecode.swift; path = CurrentWeatherResponse.swift; sourceTree = "<group>"; };
		1FE1C1EC261B280500850090 /* CurrentWeatherError.swift */ = {isa = PBXFileReference; fileEncoding = 4; lastKnownFileType = sourcecode.swift; path = CurrentWeatherError.swift; sourceTree = "<group>"; };
		1FE1C1F1261B281F00850090 /* WeatherWebService.swift */ = {isa = PBXFileReference; fileEncoding = 4; lastKnownFileType = sourcecode.swift; path = WeatherWebService.swift; sourceTree = "<group>"; };
		1FE1C1F5261B283D00850090 /* CitySelectionManager.swift */ = {isa = PBXFileReference; fileEncoding = 4; lastKnownFileType = sourcecode.swift; path = CitySelectionManager.swift; sourceTree = "<group>"; };
		1FE1C1FB261B2FFF00850090 /* CurrrentWeatherCell.swift */ = {isa = PBXFileReference; lastKnownFileType = sourcecode.swift; path = CurrrentWeatherCell.swift; sourceTree = "<group>"; };
		1FE1C200261B314400850090 /* Extensions.swift */ = {isa = PBXFileReference; fileEncoding = 4; lastKnownFileType = sourcecode.swift; path = Extensions.swift; sourceTree = "<group>"; };
		1FE1C206261B4D7C00850090 /* city.list.json */ = {isa = PBXFileReference; fileEncoding = 4; lastKnownFileType = text.json; path = city.list.json; sourceTree = "<group>"; };
		1FE1C20A261B4E2200850090 /* ImportingModel.swift */ = {isa = PBXFileReference; lastKnownFileType = sourcecode.swift; path = ImportingModel.swift; sourceTree = "<group>"; };
		1FE1C20E261B5FF300850090 /* SelectCityViewPresenter.swift */ = {isa = PBXFileReference; fileEncoding = 4; lastKnownFileType = sourcecode.swift; path = SelectCityViewPresenter.swift; sourceTree = "<group>"; };
		1FE1C20F261B5FF300850090 /* SelectCityPresenter.swift */ = {isa = PBXFileReference; fileEncoding = 4; lastKnownFileType = sourcecode.swift; path = SelectCityPresenter.swift; sourceTree = "<group>"; };
		1FE1C214261B601C00850090 /* SelectionCityStorage.swift */ = {isa = PBXFileReference; fileEncoding = 4; lastKnownFileType = sourcecode.swift; path = SelectionCityStorage.swift; sourceTree = "<group>"; };
		1FE1C218261B603100850090 /* SelectCityController.swift */ = {isa = PBXFileReference; fileEncoding = 4; lastKnownFileType = sourcecode.swift; path = SelectCityController.swift; sourceTree = "<group>"; };
		1FE1C21C261B604700850090 /* SelectCityViewDelegateProtocol.swift */ = {isa = PBXFileReference; fileEncoding = 4; lastKnownFileType = sourcecode.swift; path = SelectCityViewDelegateProtocol.swift; sourceTree = "<group>"; };
		1FE1C21D261B604700850090 /* SelectionCityStorageProtocol.swift */ = {isa = PBXFileReference; fileEncoding = 4; lastKnownFileType = sourcecode.swift; path = SelectionCityStorageProtocol.swift; sourceTree = "<group>"; };
		1FE1C222261B607E00850090 /* ExtensionSelectionCityStorage.swift */ = {isa = PBXFileReference; fileEncoding = 4; lastKnownFileType = sourcecode.swift; path = ExtensionSelectionCityStorage.swift; sourceTree = "<group>"; };
		1FE1C223261B607E00850090 /* SelectionCityStorageTests.swift */ = {isa = PBXFileReference; fileEncoding = 4; lastKnownFileType = sourcecode.swift; path = SelectionCityStorageTests.swift; sourceTree = "<group>"; };
		1FE1C228261B609400850090 /* ExtensionSelectCityPresenterTests.swift */ = {isa = PBXFileReference; fileEncoding = 4; lastKnownFileType = sourcecode.swift; path = ExtensionSelectCityPresenterTests.swift; sourceTree = "<group>"; };
		1FE1C229261B609400850090 /* SelectCityPresenterTests.swift */ = {isa = PBXFileReference; fileEncoding = 4; lastKnownFileType = sourcecode.swift; path = SelectCityPresenterTests.swift; sourceTree = "<group>"; };
		1FE1C230261B60B700850090 /* MockSelectionCityStorage.swift */ = {isa = PBXFileReference; fileEncoding = 4; lastKnownFileType = sourcecode.swift; path = MockSelectionCityStorage.swift; sourceTree = "<group>"; };
		1FE1C231261B60B700850090 /* MockSelectCityViewDelegate.swift */ = {isa = PBXFileReference; fileEncoding = 4; lastKnownFileType = sourcecode.swift; path = MockSelectCityViewDelegate.swift; sourceTree = "<group>"; };
		1FE1C236261B60CE00850090 /* SelectCityControllerTests.swift */ = {isa = PBXFileReference; fileEncoding = 4; lastKnownFileType = sourcecode.swift; path = SelectCityControllerTests.swift; sourceTree = "<group>"; };
		1FE1C241261B8A3200850090 /* CurrentWeatherCellPresenter.swift */ = {isa = PBXFileReference; lastKnownFileType = sourcecode.swift; path = CurrentWeatherCellPresenter.swift; sourceTree = "<group>"; };
		1FE1C245261BA4AC00850090 /* ShimmeringEffect.swift */ = {isa = PBXFileReference; lastKnownFileType = sourcecode.swift; path = ShimmeringEffect.swift; sourceTree = "<group>"; };
		1FE1C24D261CA33800850090 /* Utilities.swift */ = {isa = PBXFileReference; lastKnownFileType = sourcecode.swift; path = Utilities.swift; sourceTree = "<group>"; };
		56F5DF86D8AEB15B368FA4F8 /* Pods-Weather Service.release.xcconfig */ = {isa = PBXFileReference; includeInIndex = 1; lastKnownFileType = text.xcconfig; name = "Pods-Weather Service.release.xcconfig"; path = "Target Support Files/Pods-Weather Service/Pods-Weather Service.release.xcconfig"; sourceTree = "<group>"; };
/* End PBXFileReference section */

/* Begin PBXFrameworksBuildPhase section */
		1FE1C15E261B08CB00850090 /* Frameworks */ = {
			isa = PBXFrameworksBuildPhase;
			buildActionMask = 2147483647;
			files = (
				BB19AC170A9CB6D93A2ABCF5 /* Pods_Weather_Service.framework in Frameworks */,
			);
			runOnlyForDeploymentPostprocessing = 0;
		};
		1FE1C182261B215500850090 /* Frameworks */ = {
			isa = PBXFrameworksBuildPhase;
			buildActionMask = 2147483647;
			files = (
			);
			runOnlyForDeploymentPostprocessing = 0;
		};
/* End PBXFrameworksBuildPhase section */

/* Begin PBXGroup section */
		1F229C16261EF37C00265906 /* Controller */ = {
			isa = PBXGroup;
			children = (
				1F229C17261EF39700265906 /* ExtendedWeatherController.swift */,
			);
			path = Controller;
			sourceTree = "<group>";
		};
		1F7DD7C8261CCFA2004C22FF /* Weather details tests */ = {
			isa = PBXGroup;
			children = (
				1F7DD7CB261CD02D004C22FF /* Controller */,
				1F7DD7CA261CD027004C22FF /* Mocks */,
				1F7DD7C9261CD01E004C22FF /* Presenter */,
			);
			path = "Weather details tests";
			sourceTree = "<group>";
		};
		1F7DD7C9261CD01E004C22FF /* Presenter */ = {
			isa = PBXGroup;
			children = (
				1F997915261E2805006C9F13 /* WeatherDetailsPresenterTests.swift */,
			);
			path = Presenter;
			sourceTree = "<group>";
		};
		1F7DD7CA261CD027004C22FF /* Mocks */ = {
			isa = PBXGroup;
			children = (
				1F997922261E4FAD006C9F13 /* MocksWeatherDetailsViewDelegate.swift */,
			);
			path = Mocks;
			sourceTree = "<group>";
		};
		1F7DD7CB261CD02D004C22FF /* Controller */ = {
			isa = PBXGroup;
			children = (
			);
			path = Controller;
			sourceTree = "<group>";
		};
		1F958C76261F073900538329 /* View */ = {
			isa = PBXGroup;
			children = (
				1FCA4EDF261F7B9F00C55CCD /* ExtendedWeatherCell.swift */,
			);
			path = View;
			sourceTree = "<group>";
		};
		1F99791A261E2A22006C9F13 /* Extended Weather  */ = {
			isa = PBXGroup;
			children = (
				1F958C76261F073900538329 /* View */,
				1F229C16261EF37C00265906 /* Controller */,
				1F997928261E4FEB006C9F13 /* Protocols */,
				1F99791B261E2A41006C9F13 /* Presenter */,
			);
			path = "Extended Weather ";
			sourceTree = "<group>";
		};
		1F99791B261E2A41006C9F13 /* Presenter */ = {
			isa = PBXGroup;
			children = (
				1F99791C261E2A62006C9F13 /* WeatherDetailsPresenter.swift */,
			);
			path = Presenter;
			sourceTree = "<group>";
		};
		1F997928261E4FEB006C9F13 /* Protocols */ = {
			isa = PBXGroup;
			children = (
				1F997929261E500C006C9F13 /* WeatherDetailsViewDelegateProtocol.swift */,
			);
			path = Protocols;
			sourceTree = "<group>";
		};
		1FE1C158261B08CB00850090 = {
			isa = PBXGroup;
			children = (
				1FE1C163261B08CB00850090 /* Weather Service */,
				1FE1C186261B215500850090 /* Weather ServiceTests */,
				1FE1C162261B08CB00850090 /* Products */,
				C7D26E8EE6C557FE63F073B2 /* Pods */,
				9FD3AC3C7EAFCB9BB08E7BCE /* Frameworks */,
			);
			sourceTree = "<group>";
		};
		1FE1C162261B08CB00850090 /* Products */ = {
			isa = PBXGroup;
			children = (
				1FE1C161261B08CB00850090 /* Weather Service.app */,
				1FE1C185261B215500850090 /* Weather ServiceTests.xctest */,
			);
			name = Products;
			sourceTree = "<group>";
		};
		1FE1C163261B08CB00850090 /* Weather Service */ = {
			isa = PBXGroup;
			children = (
				1FE1C164261B08CB00850090 /* AppDelegate.swift */,
				1FE1C166261B08CB00850090 /* SceneDelegate.swift */,
				1FE1C1A3261B22AE00850090 /* Network */,
				1FE1C1FF261B311D00850090 /* Utilities */,
				1F99791A261E2A22006C9F13 /* Extended Weather  */,
				1FE1C1A6261B22E200850090 /* Select City */,
				1FE1C19E261B225C00850090 /* Current Weather */,
				1FE1C170261B08D100850090 /* Assets.xcassets */,
				1FE1C172261B08D100850090 /* LaunchScreen.storyboard */,
				1FE1C17D261B1B0700850090 /* Avenir Next.ttc */,
				1FE1C206261B4D7C00850090 /* city.list.json */,
				1FE1C175261B08D100850090 /* Info.plist */,
				1FE1C16D261B08CB00850090 /* Weather_Service.xcdatamodeld */,
			);
			path = "Weather Service";
			sourceTree = "<group>";
		};
		1FE1C186261B215500850090 /* Weather ServiceTests */ = {
			isa = PBXGroup;
			children = (
				1FE1C189261B215500850090 /* Info.plist */,
				1FE1C195261B21C600850090 /* Webservice */,
				1F7DD7C8261CCFA2004C22FF /* Weather details tests */,
				1FE1C199261B21FE00850090 /* Select city tests */,
				1FE1C193261B21A900850090 /* Current Weather Tests */,
			);
			path = "Weather ServiceTests";
			sourceTree = "<group>";
		};
		1FE1C193261B21A900850090 /* Current Weather Tests */ = {
			isa = PBXGroup;
			children = (
				1FE1C198261B21E800850090 /* Controller */,
				1FE1C197261B21D700850090 /* Mocks */,
				1FE1C196261B21CE00850090 /* Presenter */,
				1FE1C194261B21B500850090 /* Core data */,
			);
			path = "Current Weather Tests";
			sourceTree = "<group>";
		};
		1FE1C194261B21B500850090 /* Core data */ = {
			isa = PBXGroup;
			children = (
				1FE1C1D5261B276E00850090 /* CitySelectionManagerTests.swift */,
				1FE1C1D6261B276E00850090 /* ExtensionSelectionCityManagerTests.swift */,
			);
			path = "Core data";
			sourceTree = "<group>";
		};
		1FE1C195261B21C600850090 /* Webservice */ = {
			isa = PBXGroup;
			children = (
				1FE1C1CF261B275300850090 /* CurrentWeatherWebServiceTests.swift */,
			);
			path = Webservice;
			sourceTree = "<group>";
		};
		1FE1C196261B21CE00850090 /* Presenter */ = {
			isa = PBXGroup;
			children = (
				1FE1C1C7261B273C00850090 /* CurrentWeatherPresenterExtensin.swift */,
				1FE1C1C8261B273C00850090 /* CurrentWeatherPresenterTests.swift */,
			);
			path = Presenter;
			sourceTree = "<group>";
		};
		1FE1C197261B21D700850090 /* Mocks */ = {
			isa = PBXGroup;
			children = (
				1FE1C1B9261B271700850090 /* MockCitySelectionManager.swift */,
				1FE1C1BD261B271700850090 /* MockCurrentWeatherPresenter.swift */,
				1FE1C1BA261B271700850090 /* MockCurrentWeatherViewDelegate.swift */,
				1FE1C1BB261B271700850090 /* MockCurrentWeatherWebService.swift */,
				1FE1C1BC261B271700850090 /* MockUrlProtocol.swift */,
			);
			path = Mocks;
			sourceTree = "<group>";
		};
		1FE1C198261B21E800850090 /* Controller */ = {
			isa = PBXGroup;
			children = (
				1FE1C1B5261B26CD00850090 /* MainControllerTests.swift */,
			);
			path = Controller;
			sourceTree = "<group>";
		};
		1FE1C199261B21FE00850090 /* Select city tests */ = {
			isa = PBXGroup;
			children = (
				1FE1C19D261B223900850090 /* Core data */,
				1FE1C19C261B223400850090 /* Presenter */,
				1FE1C19B261B222C00850090 /* Mocks */,
				1FE1C19A261B222700850090 /* Controller */,
			);
			path = "Select city tests";
			sourceTree = "<group>";
		};
		1FE1C19A261B222700850090 /* Controller */ = {
			isa = PBXGroup;
			children = (
				1FE1C236261B60CE00850090 /* SelectCityControllerTests.swift */,
			);
			path = Controller;
			sourceTree = "<group>";
		};
		1FE1C19B261B222C00850090 /* Mocks */ = {
			isa = PBXGroup;
			children = (
				1FE1C231261B60B700850090 /* MockSelectCityViewDelegate.swift */,
				1FE1C230261B60B700850090 /* MockSelectionCityStorage.swift */,
			);
			path = Mocks;
			sourceTree = "<group>";
		};
		1FE1C19C261B223400850090 /* Presenter */ = {
			isa = PBXGroup;
			children = (
				1FE1C228261B609400850090 /* ExtensionSelectCityPresenterTests.swift */,
				1FE1C229261B609400850090 /* SelectCityPresenterTests.swift */,
			);
			path = Presenter;
			sourceTree = "<group>";
		};
		1FE1C19D261B223900850090 /* Core data */ = {
			isa = PBXGroup;
			children = (
				1FE1C222261B607E00850090 /* ExtensionSelectionCityStorage.swift */,
				1FE1C223261B607E00850090 /* SelectionCityStorageTests.swift */,
			);
			path = "Core data";
			sourceTree = "<group>";
		};
		1FE1C19E261B225C00850090 /* Current Weather */ = {
			isa = PBXGroup;
			children = (
				1FE1C1A5261B22D200850090 /* Core data */,
				1FE1C1A4261B22BA00850090 /* View */,
				1FE1C1A2261B22A300850090 /* Model */,
				1FE1C1A1261B227B00850090 /* Protocols */,
				1FE1C1A0261B227300850090 /* Presenter */,
				1FE1C19F261B226B00850090 /* Controller */,
			);
			path = "Current Weather";
			sourceTree = "<group>";
		};
		1FE1C19F261B226B00850090 /* Controller */ = {
			isa = PBXGroup;
			children = (
				1FE1C1AD261B24A400850090 /* CurrentWeatherController.swift */,
			);
			path = Controller;
			sourceTree = "<group>";
		};
		1FE1C1A0261B227300850090 /* Presenter */ = {
			isa = PBXGroup;
			children = (
				1FE1C1DD261B27B200850090 /* CurrentWeatherPresenter.swift */,
				1FE1C241261B8A3200850090 /* CurrentWeatherCellPresenter.swift */,
			);
			path = Presenter;
			sourceTree = "<group>";
		};
		1FE1C1A1261B227B00850090 /* Protocols */ = {
			isa = PBXGroup;
			children = (
				1FE1C1E1261B27DD00850090 /* CitySelectionManagerProtocol.swift */,
				1FE1C1E2261B27DD00850090 /* CurrentWeatherPresenterProtocol.swift */,
				1FE1C1E4261B27DE00850090 /* CurrentWeatherViewDelegateProtocol.swift */,
			);
			path = Protocols;
			sourceTree = "<group>";
		};
		1FE1C1A2261B22A300850090 /* Model */ = {
			isa = PBXGroup;
			children = (
				1FE1C1EC261B280500850090 /* CurrentWeatherError.swift */,
				1FE1C1EB261B280500850090 /* CurrentWeatherResponse.swift */,
				1FE1C20A261B4E2200850090 /* ImportingModel.swift */,
				1F584423261CEE24000768B2 /* ExtendedWeatherResponse.swift */,
			);
			path = Model;
			sourceTree = "<group>";
		};
		1FE1C1A3261B22AE00850090 /* Network */ = {
			isa = PBXGroup;
			children = (
				1FE1C1F1261B281F00850090 /* WeatherWebService.swift */,
				1FE1C1E3261B27DE00850090 /* WeatherWebServiceProtocol.swift */,
			);
			path = Network;
			sourceTree = "<group>";
		};
		1FE1C1A4261B22BA00850090 /* View */ = {
			isa = PBXGroup;
			children = (
				1FE1C1FB261B2FFF00850090 /* CurrrentWeatherCell.swift */,
				1F01252C2620632100BC249E /* CurrentWeatherCellV2.swift */,
				1F70F73126384984002F2665 /* CurrentWeatherViewCellV3.swift */,
			);
			path = View;
			sourceTree = "<group>";
		};
		1FE1C1A5261B22D200850090 /* Core data */ = {
			isa = PBXGroup;
			children = (
				1FE1C1F5261B283D00850090 /* CitySelectionManager.swift */,
			);
			path = "Core data";
			sourceTree = "<group>";
		};
		1FE1C1A6261B22E200850090 /* Select City */ = {
			isa = PBXGroup;
			children = (
				1FE1C1AA261B230B00850090 /* Presenter */,
				1FE1C1A9261B230800850090 /* Core data */,
				1FE1C1A8261B230500850090 /* Controller */,
				1FE1C1A7261B230200850090 /* Protocols */,
			);
			path = "Select City";
			sourceTree = "<group>";
		};
		1FE1C1A7261B230200850090 /* Protocols */ = {
			isa = PBXGroup;
			children = (
				1FE1C21C261B604700850090 /* SelectCityViewDelegateProtocol.swift */,
				1FE1C21D261B604700850090 /* SelectionCityStorageProtocol.swift */,
			);
			path = Protocols;
			sourceTree = "<group>";
		};
		1FE1C1A8261B230500850090 /* Controller */ = {
			isa = PBXGroup;
			children = (
				1FE1C218261B603100850090 /* SelectCityController.swift */,
			);
			path = Controller;
			sourceTree = "<group>";
		};
		1FE1C1A9261B230800850090 /* Core data */ = {
			isa = PBXGroup;
			children = (
				1FE1C214261B601C00850090 /* SelectionCityStorage.swift */,
			);
			path = "Core data";
			sourceTree = "<group>";
		};
		1FE1C1AA261B230B00850090 /* Presenter */ = {
			isa = PBXGroup;
			children = (
				1FE1C20F261B5FF300850090 /* SelectCityPresenter.swift */,
				1FE1C20E261B5FF300850090 /* SelectCityViewPresenter.swift */,
			);
			path = Presenter;
			sourceTree = "<group>";
		};
		1FE1C1FF261B311D00850090 /* Utilities */ = {
			isa = PBXGroup;
			children = (
				1FE1C200261B314400850090 /* Extensions.swift */,
				1FE1C245261BA4AC00850090 /* ShimmeringEffect.swift */,
				1FE1C24D261CA33800850090 /* Utilities.swift */,
			);
			path = Utilities;
			sourceTree = "<group>";
		};
		9FD3AC3C7EAFCB9BB08E7BCE /* Frameworks */ = {
			isa = PBXGroup;
			children = (
				0C7E751F9125AD2299E15FF8 /* Pods_Weather_Service.framework */,
			);
			name = Frameworks;
			sourceTree = "<group>";
		};
		C7D26E8EE6C557FE63F073B2 /* Pods */ = {
			isa = PBXGroup;
			children = (
				07FB523617FE102F97F1A3EC /* Pods-Weather Service.debug.xcconfig */,
				56F5DF86D8AEB15B368FA4F8 /* Pods-Weather Service.release.xcconfig */,
			);
			path = Pods;
			sourceTree = "<group>";
		};
/* End PBXGroup section */

/* Begin PBXNativeTarget section */
		1FE1C160261B08CB00850090 /* Weather Service */ = {
			isa = PBXNativeTarget;
			buildConfigurationList = 1FE1C178261B08D100850090 /* Build configuration list for PBXNativeTarget "Weather Service" */;
			buildPhases = (
				629DB11C44D1AB2DC967D88D /* [CP] Check Pods Manifest.lock */,
				1FE1C15D261B08CB00850090 /* Sources */,
				1FE1C15E261B08CB00850090 /* Frameworks */,
				1FE1C15F261B08CB00850090 /* Resources */,
				CF27DD536816C71CC66AAD0C /* [CP] Embed Pods Frameworks */,
			);
			buildRules = (
			);
			dependencies = (
			);
			name = "Weather Service";
			productName = "Weather Service";
			productReference = 1FE1C161261B08CB00850090 /* Weather Service.app */;
			productType = "com.apple.product-type.application";
		};
		1FE1C184261B215500850090 /* Weather ServiceTests */ = {
			isa = PBXNativeTarget;
			buildConfigurationList = 1FE1C18E261B215500850090 /* Build configuration list for PBXNativeTarget "Weather ServiceTests" */;
			buildPhases = (
				1FE1C181261B215500850090 /* Sources */,
				1FE1C182261B215500850090 /* Frameworks */,
				1FE1C183261B215500850090 /* Resources */,
			);
			buildRules = (
			);
			dependencies = (
				1FE1C18B261B215500850090 /* PBXTargetDependency */,
			);
			name = "Weather ServiceTests";
			productName = "Weather ServiceTests";
			productReference = 1FE1C185261B215500850090 /* Weather ServiceTests.xctest */;
			productType = "com.apple.product-type.bundle.unit-test";
		};
/* End PBXNativeTarget section */

/* Begin PBXProject section */
		1FE1C159261B08CB00850090 /* Project object */ = {
			isa = PBXProject;
			attributes = {
				LastSwiftUpdateCheck = 1240;
				LastUpgradeCheck = 1240;
				TargetAttributes = {
					1FE1C160261B08CB00850090 = {
						CreatedOnToolsVersion = 12.4;
					};
					1FE1C184261B215500850090 = {
						CreatedOnToolsVersion = 12.4;
						LastSwiftMigration = 1240;
						TestTargetID = 1FE1C160261B08CB00850090;
					};
				};
			};
			buildConfigurationList = 1FE1C15C261B08CB00850090 /* Build configuration list for PBXProject "Weather Service" */;
			compatibilityVersion = "Xcode 9.3";
			developmentRegion = en;
			hasScannedForEncodings = 0;
			knownRegions = (
				en,
				Base,
			);
			mainGroup = 1FE1C158261B08CB00850090;
			productRefGroup = 1FE1C162261B08CB00850090 /* Products */;
			projectDirPath = "";
			projectRoot = "";
			targets = (
				1FE1C160261B08CB00850090 /* Weather Service */,
				1FE1C184261B215500850090 /* Weather ServiceTests */,
			);
		};
/* End PBXProject section */

/* Begin PBXResourcesBuildPhase section */
		1FE1C15F261B08CB00850090 /* Resources */ = {
			isa = PBXResourcesBuildPhase;
			buildActionMask = 2147483647;
			files = (
				1FE1C17E261B1B0800850090 /* Avenir Next.ttc in Resources */,
				1FE1C207261B4D7D00850090 /* city.list.json in Resources */,
				1FE1C174261B08D100850090 /* LaunchScreen.storyboard in Resources */,
				1FE1C171261B08D100850090 /* Assets.xcassets in Resources */,
			);
			runOnlyForDeploymentPostprocessing = 0;
		};
		1FE1C183261B215500850090 /* Resources */ = {
			isa = PBXResourcesBuildPhase;
			buildActionMask = 2147483647;
			files = (
			);
			runOnlyForDeploymentPostprocessing = 0;
		};
/* End PBXResourcesBuildPhase section */

/* Begin PBXShellScriptBuildPhase section */
		629DB11C44D1AB2DC967D88D /* [CP] Check Pods Manifest.lock */ = {
			isa = PBXShellScriptBuildPhase;
			buildActionMask = 2147483647;
			files = (
			);
			inputFileListPaths = (
			);
			inputPaths = (
				"${PODS_PODFILE_DIR_PATH}/Podfile.lock",
				"${PODS_ROOT}/Manifest.lock",
			);
			name = "[CP] Check Pods Manifest.lock";
			outputFileListPaths = (
			);
			outputPaths = (
				"$(DERIVED_FILE_DIR)/Pods-Weather Service-checkManifestLockResult.txt",
			);
			runOnlyForDeploymentPostprocessing = 0;
			shellPath = /bin/sh;
			shellScript = "diff \"${PODS_PODFILE_DIR_PATH}/Podfile.lock\" \"${PODS_ROOT}/Manifest.lock\" > /dev/null\nif [ $? != 0 ] ; then\n    # print error to STDERR\n    echo \"error: The sandbox is not in sync with the Podfile.lock. Run 'pod install' or update your CocoaPods installation.\" >&2\n    exit 1\nfi\n# This output is used by Xcode 'outputs' to avoid re-running this script phase.\necho \"SUCCESS\" > \"${SCRIPT_OUTPUT_FILE_0}\"\n";
			showEnvVarsInLog = 0;
		};
		CF27DD536816C71CC66AAD0C /* [CP] Embed Pods Frameworks */ = {
			isa = PBXShellScriptBuildPhase;
			buildActionMask = 2147483647;
			files = (
			);
			inputFileListPaths = (
				"${PODS_ROOT}/Target Support Files/Pods-Weather Service/Pods-Weather Service-frameworks-${CONFIGURATION}-input-files.xcfilelist",
			);
			name = "[CP] Embed Pods Frameworks";
			outputFileListPaths = (
				"${PODS_ROOT}/Target Support Files/Pods-Weather Service/Pods-Weather Service-frameworks-${CONFIGURATION}-output-files.xcfilelist",
			);
			runOnlyForDeploymentPostprocessing = 0;
			shellPath = /bin/sh;
			shellScript = "\"${PODS_ROOT}/Target Support Files/Pods-Weather Service/Pods-Weather Service-frameworks.sh\"\n";
			showEnvVarsInLog = 0;
		};
/* End PBXShellScriptBuildPhase section */

/* Begin PBXSourcesBuildPhase section */
		1FE1C15D261B08CB00850090 /* Sources */ = {
			isa = PBXSourcesBuildPhase;
			buildActionMask = 2147483647;
			files = (
				1FE1C1AE261B24A400850090 /* CurrentWeatherController.swift in Sources */,
				1FE1C1E5261B27DE00850090 /* CitySelectionManagerProtocol.swift in Sources */,
				1FE1C210261B5FF300850090 /* SelectCityViewPresenter.swift in Sources */,
				1FE1C1F6261B283D00850090 /* CitySelectionManager.swift in Sources */,
				1FE1C16F261B08CB00850090 /* Weather_Service.xcdatamodeld in Sources */,
				1FE1C211261B5FF300850090 /* SelectCityPresenter.swift in Sources */,
				1F584424261CEE24000768B2 /* ExtendedWeatherResponse.swift in Sources */,
				1FE1C1E8261B27DE00850090 /* CurrentWeatherViewDelegateProtocol.swift in Sources */,
				1FE1C1DE261B27B200850090 /* CurrentWeatherPresenter.swift in Sources */,
				1F99791D261E2A62006C9F13 /* WeatherDetailsPresenter.swift in Sources */,
				1F99792A261E500C006C9F13 /* WeatherDetailsViewDelegateProtocol.swift in Sources */,
				1FE1C1EE261B280500850090 /* CurrentWeatherError.swift in Sources */,
				1FE1C242261B8A3200850090 /* CurrentWeatherCellPresenter.swift in Sources */,
				1FE1C1E6261B27DE00850090 /* CurrentWeatherPresenterProtocol.swift in Sources */,
				1FE1C215261B601C00850090 /* SelectionCityStorage.swift in Sources */,
				1FE1C21F261B604700850090 /* SelectionCityStorageProtocol.swift in Sources */,
				1F70F73226384984002F2665 /* CurrentWeatherViewCellV3.swift in Sources */,
				1FE1C1F2261B281F00850090 /* WeatherWebService.swift in Sources */,
				1F01252D2620632100BC249E /* CurrentWeatherCellV2.swift in Sources */,
				1FE1C20B261B4E2200850090 /* ImportingModel.swift in Sources */,
				1FE1C1E7261B27DE00850090 /* WeatherWebServiceProtocol.swift in Sources */,
				1FE1C201261B314400850090 /* Extensions.swift in Sources */,
				1FE1C246261BA4AC00850090 /* ShimmeringEffect.swift in Sources */,
				1FE1C165261B08CB00850090 /* AppDelegate.swift in Sources */,
				1FE1C1FC261B2FFF00850090 /* CurrrentWeatherCell.swift in Sources */,
				1F229C18261EF39700265906 /* ExtendedWeatherController.swift in Sources */,
				1FE1C167261B08CB00850090 /* SceneDelegate.swift in Sources */,
				1FE1C219261B603100850090 /* SelectCityController.swift in Sources */,
				1FE1C1ED261B280500850090 /* CurrentWeatherResponse.swift in Sources */,
				1FE1C24E261CA33900850090 /* Utilities.swift in Sources */,
				1FE1C21E261B604700850090 /* SelectCityViewDelegateProtocol.swift in Sources */,
				1FCA4EE0261F7B9F00C55CCD /* ExtendedWeatherCell.swift in Sources */,
			);
			runOnlyForDeploymentPostprocessing = 0;
		};
		1FE1C181261B215500850090 /* Sources */ = {
			isa = PBXSourcesBuildPhase;
			buildActionMask = 2147483647;
			files = (
				1FE1C1B6261B26CD00850090 /* MainControllerTests.swift in Sources */,
				1FE1C1C2261B271700850090 /* MockCurrentWeatherPresenter.swift in Sources */,
				1F997916261E2805006C9F13 /* WeatherDetailsPresenterTests.swift in Sources */,
				1FE1C1C0261B271700850090 /* MockCurrentWeatherWebService.swift in Sources */,
				1FE1C1D8261B276E00850090 /* ExtensionSelectionCityManagerTests.swift in Sources */,
				1FE1C225261B607E00850090 /* SelectionCityStorageTests.swift in Sources */,
				1FE1C1D7261B276E00850090 /* CitySelectionManagerTests.swift in Sources */,
				1FE1C1D0261B275300850090 /* CurrentWeatherWebServiceTests.swift in Sources */,
				1FE1C233261B60B700850090 /* MockSelectCityViewDelegate.swift in Sources */,
				1FE1C232261B60B700850090 /* MockSelectionCityStorage.swift in Sources */,
				1FE1C1C9261B273C00850090 /* CurrentWeatherPresenterExtensin.swift in Sources */,
				1FE1C1BE261B271700850090 /* MockCitySelectionManager.swift in Sources */,
				1FE1C1BF261B271700850090 /* MockCurrentWeatherViewDelegate.swift in Sources */,
				1F997923261E4FAD006C9F13 /* MocksWeatherDetailsViewDelegate.swift in Sources */,
				1FE1C237261B60CE00850090 /* SelectCityControllerTests.swift in Sources */,
				1FE1C1C1261B271700850090 /* MockUrlProtocol.swift in Sources */,
				1FE1C22A261B609400850090 /* ExtensionSelectCityPresenterTests.swift in Sources */,
				1FE1C22B261B609400850090 /* SelectCityPresenterTests.swift in Sources */,
				1FE1C1CA261B273C00850090 /* CurrentWeatherPresenterTests.swift in Sources */,
				1FE1C224261B607E00850090 /* ExtensionSelectionCityStorage.swift in Sources */,
			);
			runOnlyForDeploymentPostprocessing = 0;
		};
/* End PBXSourcesBuildPhase section */

/* Begin PBXTargetDependency section */
		1FE1C18B261B215500850090 /* PBXTargetDependency */ = {
			isa = PBXTargetDependency;
			target = 1FE1C160261B08CB00850090 /* Weather Service */;
			targetProxy = 1FE1C18A261B215500850090 /* PBXContainerItemProxy */;
		};
/* End PBXTargetDependency section */

/* Begin PBXVariantGroup section */
		1FE1C172261B08D100850090 /* LaunchScreen.storyboard */ = {
			isa = PBXVariantGroup;
			children = (
				1FE1C173261B08D100850090 /* Base */,
			);
			name = LaunchScreen.storyboard;
			sourceTree = "<group>";
		};
/* End PBXVariantGroup section */

/* Begin XCBuildConfiguration section */
		1FE1C176261B08D100850090 /* Debug */ = {
			isa = XCBuildConfiguration;
			buildSettings = {
				ALWAYS_SEARCH_USER_PATHS = NO;
				CLANG_ANALYZER_NONNULL = YES;
				CLANG_ANALYZER_NUMBER_OBJECT_CONVERSION = YES_AGGRESSIVE;
				CLANG_CXX_LANGUAGE_STANDARD = "gnu++14";
				CLANG_CXX_LIBRARY = "libc++";
				CLANG_ENABLE_MODULES = YES;
				CLANG_ENABLE_OBJC_ARC = YES;
				CLANG_ENABLE_OBJC_WEAK = YES;
				CLANG_WARN_BLOCK_CAPTURE_AUTORELEASING = YES;
				CLANG_WARN_BOOL_CONVERSION = YES;
				CLANG_WARN_COMMA = YES;
				CLANG_WARN_CONSTANT_CONVERSION = YES;
				CLANG_WARN_DEPRECATED_OBJC_IMPLEMENTATIONS = YES;
				CLANG_WARN_DIRECT_OBJC_ISA_USAGE = YES_ERROR;
				CLANG_WARN_DOCUMENTATION_COMMENTS = YES;
				CLANG_WARN_EMPTY_BODY = YES;
				CLANG_WARN_ENUM_CONVERSION = YES;
				CLANG_WARN_INFINITE_RECURSION = YES;
				CLANG_WARN_INT_CONVERSION = YES;
				CLANG_WARN_NON_LITERAL_NULL_CONVERSION = YES;
				CLANG_WARN_OBJC_IMPLICIT_RETAIN_SELF = YES;
				CLANG_WARN_OBJC_LITERAL_CONVERSION = YES;
				CLANG_WARN_OBJC_ROOT_CLASS = YES_ERROR;
				CLANG_WARN_QUOTED_INCLUDE_IN_FRAMEWORK_HEADER = YES;
				CLANG_WARN_RANGE_LOOP_ANALYSIS = YES;
				CLANG_WARN_STRICT_PROTOTYPES = YES;
				CLANG_WARN_SUSPICIOUS_MOVE = YES;
				CLANG_WARN_UNGUARDED_AVAILABILITY = YES_AGGRESSIVE;
				CLANG_WARN_UNREACHABLE_CODE = YES;
				CLANG_WARN__DUPLICATE_METHOD_MATCH = YES;
				COPY_PHASE_STRIP = NO;
				DEBUG_INFORMATION_FORMAT = dwarf;
				ENABLE_STRICT_OBJC_MSGSEND = YES;
				ENABLE_TESTABILITY = YES;
				GCC_C_LANGUAGE_STANDARD = gnu11;
				GCC_DYNAMIC_NO_PIC = NO;
				GCC_NO_COMMON_BLOCKS = YES;
				GCC_OPTIMIZATION_LEVEL = 0;
				GCC_PREPROCESSOR_DEFINITIONS = (
					"DEBUG=1",
					"$(inherited)",
				);
				GCC_WARN_64_TO_32_BIT_CONVERSION = YES;
				GCC_WARN_ABOUT_RETURN_TYPE = YES_ERROR;
				GCC_WARN_UNDECLARED_SELECTOR = YES;
				GCC_WARN_UNINITIALIZED_AUTOS = YES_AGGRESSIVE;
				GCC_WARN_UNUSED_FUNCTION = YES;
				GCC_WARN_UNUSED_VARIABLE = YES;
				IPHONEOS_DEPLOYMENT_TARGET = 14.4;
				MTL_ENABLE_DEBUG_INFO = INCLUDE_SOURCE;
				MTL_FAST_MATH = YES;
				ONLY_ACTIVE_ARCH = YES;
				SDKROOT = iphoneos;
				SWIFT_ACTIVE_COMPILATION_CONDITIONS = DEBUG;
				SWIFT_OPTIMIZATION_LEVEL = "-Onone";
			};
			name = Debug;
		};
		1FE1C177261B08D100850090 /* Release */ = {
			isa = XCBuildConfiguration;
			buildSettings = {
				ALWAYS_SEARCH_USER_PATHS = NO;
				CLANG_ANALYZER_NONNULL = YES;
				CLANG_ANALYZER_NUMBER_OBJECT_CONVERSION = YES_AGGRESSIVE;
				CLANG_CXX_LANGUAGE_STANDARD = "gnu++14";
				CLANG_CXX_LIBRARY = "libc++";
				CLANG_ENABLE_MODULES = YES;
				CLANG_ENABLE_OBJC_ARC = YES;
				CLANG_ENABLE_OBJC_WEAK = YES;
				CLANG_WARN_BLOCK_CAPTURE_AUTORELEASING = YES;
				CLANG_WARN_BOOL_CONVERSION = YES;
				CLANG_WARN_COMMA = YES;
				CLANG_WARN_CONSTANT_CONVERSION = YES;
				CLANG_WARN_DEPRECATED_OBJC_IMPLEMENTATIONS = YES;
				CLANG_WARN_DIRECT_OBJC_ISA_USAGE = YES_ERROR;
				CLANG_WARN_DOCUMENTATION_COMMENTS = YES;
				CLANG_WARN_EMPTY_BODY = YES;
				CLANG_WARN_ENUM_CONVERSION = YES;
				CLANG_WARN_INFINITE_RECURSION = YES;
				CLANG_WARN_INT_CONVERSION = YES;
				CLANG_WARN_NON_LITERAL_NULL_CONVERSION = YES;
				CLANG_WARN_OBJC_IMPLICIT_RETAIN_SELF = YES;
				CLANG_WARN_OBJC_LITERAL_CONVERSION = YES;
				CLANG_WARN_OBJC_ROOT_CLASS = YES_ERROR;
				CLANG_WARN_QUOTED_INCLUDE_IN_FRAMEWORK_HEADER = YES;
				CLANG_WARN_RANGE_LOOP_ANALYSIS = YES;
				CLANG_WARN_STRICT_PROTOTYPES = YES;
				CLANG_WARN_SUSPICIOUS_MOVE = YES;
				CLANG_WARN_UNGUARDED_AVAILABILITY = YES_AGGRESSIVE;
				CLANG_WARN_UNREACHABLE_CODE = YES;
				CLANG_WARN__DUPLICATE_METHOD_MATCH = YES;
				COPY_PHASE_STRIP = NO;
				DEBUG_INFORMATION_FORMAT = "dwarf-with-dsym";
				ENABLE_NS_ASSERTIONS = NO;
				ENABLE_STRICT_OBJC_MSGSEND = YES;
				GCC_C_LANGUAGE_STANDARD = gnu11;
				GCC_NO_COMMON_BLOCKS = YES;
				GCC_WARN_64_TO_32_BIT_CONVERSION = YES;
				GCC_WARN_ABOUT_RETURN_TYPE = YES_ERROR;
				GCC_WARN_UNDECLARED_SELECTOR = YES;
				GCC_WARN_UNINITIALIZED_AUTOS = YES_AGGRESSIVE;
				GCC_WARN_UNUSED_FUNCTION = YES;
				GCC_WARN_UNUSED_VARIABLE = YES;
				IPHONEOS_DEPLOYMENT_TARGET = 14.4;
				MTL_ENABLE_DEBUG_INFO = NO;
				MTL_FAST_MATH = YES;
				SDKROOT = iphoneos;
				SWIFT_COMPILATION_MODE = wholemodule;
				SWIFT_OPTIMIZATION_LEVEL = "-O";
				VALIDATE_PRODUCT = YES;
			};
			name = Release;
		};
		1FE1C179261B08D100850090 /* Debug */ = {
			isa = XCBuildConfiguration;
			baseConfigurationReference = 07FB523617FE102F97F1A3EC /* Pods-Weather Service.debug.xcconfig */;
			buildSettings = {
				ASSETCATALOG_COMPILER_APPICON_NAME = AppIcon;
				ASSETCATALOG_COMPILER_GLOBAL_ACCENT_COLOR_NAME = AccentColor;
				CODE_SIGN_STYLE = Automatic;
				DEVELOPMENT_TEAM = 2JM5RQ28LQ;
				INFOPLIST_FILE = "Weather Service/Info.plist";
				LD_RUNPATH_SEARCH_PATHS = (
					"$(inherited)",
					"@executable_path/Frameworks",
				);
				PRODUCT_BUNDLE_IDENTIFIER = "com.carloscaraccia.Weather-Service";
				PRODUCT_NAME = "$(TARGET_NAME)";
				SWIFT_VERSION = 5.0;
				TARGETED_DEVICE_FAMILY = "1,2";
			};
			name = Debug;
		};
		1FE1C17A261B08D100850090 /* Release */ = {
			isa = XCBuildConfiguration;
			baseConfigurationReference = 56F5DF86D8AEB15B368FA4F8 /* Pods-Weather Service.release.xcconfig */;
			buildSettings = {
				ASSETCATALOG_COMPILER_APPICON_NAME = AppIcon;
				ASSETCATALOG_COMPILER_GLOBAL_ACCENT_COLOR_NAME = AccentColor;
				CODE_SIGN_STYLE = Automatic;
				DEVELOPMENT_TEAM = 2JM5RQ28LQ;
				INFOPLIST_FILE = "Weather Service/Info.plist";
				LD_RUNPATH_SEARCH_PATHS = (
					"$(inherited)",
					"@executable_path/Frameworks",
				);
				PRODUCT_BUNDLE_IDENTIFIER = "com.carloscaraccia.Weather-Service";
				PRODUCT_NAME = "$(TARGET_NAME)";
				SWIFT_VERSION = 5.0;
				TARGETED_DEVICE_FAMILY = "1,2";
			};
			name = Release;
		};
		1FE1C18C261B215500850090 /* Debug */ = {
			isa = XCBuildConfiguration;
			buildSettings = {
				BUNDLE_LOADER = "$(TEST_HOST)";
				CLANG_ENABLE_MODULES = YES;
				CODE_SIGN_STYLE = Automatic;
				DEVELOPMENT_TEAM = 2JM5RQ28LQ;
				INFOPLIST_FILE = "Weather ServiceTests/Info.plist";
				LD_RUNPATH_SEARCH_PATHS = (
					"$(inherited)",
					"@executable_path/Frameworks",
					"@loader_path/Frameworks",
				);
				PRODUCT_BUNDLE_IDENTIFIER = "com.carloscaraccia.Weather-ServiceTests";
				PRODUCT_NAME = "$(TARGET_NAME)";
				SWIFT_OPTIMIZATION_LEVEL = "-Onone";
				SWIFT_VERSION = 5.0;
				TARGETED_DEVICE_FAMILY = "1,2";
				TEST_HOST = "$(BUILT_PRODUCTS_DIR)/Weather Service.app/Weather Service";
			};
			name = Debug;
		};
		1FE1C18D261B215500850090 /* Release */ = {
			isa = XCBuildConfiguration;
			buildSettings = {
				BUNDLE_LOADER = "$(TEST_HOST)";
				CLANG_ENABLE_MODULES = YES;
				CODE_SIGN_STYLE = Automatic;
				DEVELOPMENT_TEAM = 2JM5RQ28LQ;
				INFOPLIST_FILE = "Weather ServiceTests/Info.plist";
				LD_RUNPATH_SEARCH_PATHS = (
					"$(inherited)",
					"@executable_path/Frameworks",
					"@loader_path/Frameworks",
				);
				PRODUCT_BUNDLE_IDENTIFIER = "com.carloscaraccia.Weather-ServiceTests";
				PRODUCT_NAME = "$(TARGET_NAME)";
				SWIFT_VERSION = 5.0;
				TARGETED_DEVICE_FAMILY = "1,2";
				TEST_HOST = "$(BUILT_PRODUCTS_DIR)/Weather Service.app/Weather Service";
			};
			name = Release;
		};
/* End XCBuildConfiguration section */

/* Begin XCConfigurationList section */
		1FE1C15C261B08CB00850090 /* Build configuration list for PBXProject "Weather Service" */ = {
			isa = XCConfigurationList;
			buildConfigurations = (
				1FE1C176261B08D100850090 /* Debug */,
				1FE1C177261B08D100850090 /* Release */,
			);
			defaultConfigurationIsVisible = 0;
			defaultConfigurationName = Release;
		};
		1FE1C178261B08D100850090 /* Build configuration list for PBXNativeTarget "Weather Service" */ = {
			isa = XCConfigurationList;
			buildConfigurations = (
				1FE1C179261B08D100850090 /* Debug */,
				1FE1C17A261B08D100850090 /* Release */,
			);
			defaultConfigurationIsVisible = 0;
			defaultConfigurationName = Release;
		};
		1FE1C18E261B215500850090 /* Build configuration list for PBXNativeTarget "Weather ServiceTests" */ = {
			isa = XCConfigurationList;
			buildConfigurations = (
				1FE1C18C261B215500850090 /* Debug */,
				1FE1C18D261B215500850090 /* Release */,
			);
			defaultConfigurationIsVisible = 0;
			defaultConfigurationName = Release;
		};
/* End XCConfigurationList section */

/* Begin XCVersionGroup section */
		1FE1C16D261B08CB00850090 /* Weather_Service.xcdatamodeld */ = {
			isa = XCVersionGroup;
			children = (
				1FE1C16E261B08CB00850090 /* Weather_Service.xcdatamodel */,
			);
			currentVersion = 1FE1C16E261B08CB00850090 /* Weather_Service.xcdatamodel */;
			path = Weather_Service.xcdatamodeld;
			sourceTree = "<group>";
			versionGroupType = wrapper.xcdatamodel;
		};
/* End XCVersionGroup section */
	};
	rootObject = 1FE1C159261B08CB00850090 /* Project object */;
}
